
Microsoft Visual Studio Solution File, Format Version 12.00
# Visual Studio Version 16
VisualStudioVersion = 16.0.29519.87
MinimumVisualStudioVersion = 10.0.40219.1
Project("{9A19103F-16F7-4668-BE54-9A1E7A4F7556}") = "ORM_Fun", "ORM_Fun\ORM_Fun.csproj", "{64081CDE-DA3A-40B3-A0E3-F7A6894147E0}"
EndProject
Project("{9A19103F-16F7-4668-BE54-9A1E7A4F7556}") = "Contracts", "Contracts\Contracts.csproj", "{11F2E48E-7332-43EA-93DB-D27BAC7BA548}"
EndProject
Project("{9A19103F-16F7-4668-BE54-9A1E7A4F7556}") = "LoggerService", "LoggerService\LoggerService.csproj", "{6B405908-6291-4B71-9E22-48D2ADEB37F9}"
EndProject
Project("{9A19103F-16F7-4668-BE54-9A1E7A4F7556}") = "Entities", "Entities\Entities.csproj", "{1B4DA4BB-7C2B-444A-920F-7E07CD4FA67F}"
EndProject
Project("{FAE04EC0-301F-11D3-BF4B-00C04F79EFBC}") = "Repository", "Repository\Repository.csproj", "{7D3047AE-89FF-4802-9F06-5C45C8976598}"
EndProject
Global
	GlobalSection(SolutionConfigurationPlatforms) = preSolution
		Debug|Any CPU = Debug|Any CPU
		Release|Any CPU = Release|Any CPU
	EndGlobalSection
	GlobalSection(ProjectConfigurationPlatforms) = postSolution
		{64081CDE-DA3A-40B3-A0E3-F7A6894147E0}.Debug|Any CPU.ActiveCfg = Debug|Any CPU
		{64081CDE-DA3A-40B3-A0E3-F7A6894147E0}.Debug|Any CPU.Build.0 = Debug|Any CPU
		{64081CDE-DA3A-40B3-A0E3-F7A6894147E0}.Release|Any CPU.ActiveCfg = Release|Any CPU
		{64081CDE-DA3A-40B3-A0E3-F7A6894147E0}.Release|Any CPU.Build.0 = Release|Any CPU
		{11F2E48E-7332-43EA-93DB-D27BAC7BA548}.Debug|Any CPU.ActiveCfg = Debug|Any CPU
		{11F2E48E-7332-43EA-93DB-D27BAC7BA548}.Debug|Any CPU.Build.0 = Debug|Any CPU
		{11F2E48E-7332-43EA-93DB-D27BAC7BA548}.Release|Any CPU.ActiveCfg = Release|Any CPU
		{11F2E48E-7332-43EA-93DB-D27BAC7BA548}.Release|Any CPU.Build.0 = Release|Any CPU
		{6B405908-6291-4B71-9E22-48D2ADEB37F9}.Debug|Any CPU.ActiveCfg = Debug|Any CPU
		{6B405908-6291-4B71-9E22-48D2ADEB37F9}.Debug|Any CPU.Build.0 = Debug|Any CPU
		{6B405908-6291-4B71-9E22-48D2ADEB37F9}.Release|Any CPU.ActiveCfg = Release|Any CPU
		{6B405908-6291-4B71-9E22-48D2ADEB37F9}.Release|Any CPU.Build.0 = Release|Any CPU
		{1B4DA4BB-7C2B-444A-920F-7E07CD4FA67F}.Debug|Any CPU.ActiveCfg = Debug|Any CPU
		{1B4DA4BB-7C2B-444A-920F-7E07CD4FA67F}.Debug|Any CPU.Build.0 = Debug|Any CPU
		{1B4DA4BB-7C2B-444A-920F-7E07CD4FA67F}.Release|Any CPU.ActiveCfg = Release|Any CPU
		{1B4DA4BB-7C2B-444A-920F-7E07CD4FA67F}.Release|Any CPU.Build.0 = Release|Any CPU
		{7D3047AE-89FF-4802-9F06-5C45C8976598}.Debug|Any CPU.ActiveCfg = Debug|Any CPU
		{7D3047AE-89FF-4802-9F06-5C45C8976598}.Debug|Any CPU.Build.0 = Debug|Any CPU
		{7D3047AE-89FF-4802-9F06-5C45C8976598}.Release|Any CPU.ActiveCfg = Release|Any CPU
		{7D3047AE-89FF-4802-9F06-5C45C8976598}.Release|Any CPU.Build.0 = Release|Any CPU
	EndGlobalSection
	GlobalSection(SolutionProperties) = preSolution
		HideSolutionNode = FALSE
	EndGlobalSection
	GlobalSection(ExtensibilityGlobals) = postSolution
		SolutionGuid = {1FEDC1EC-9124-4871-98C1-CD5B1C7856A7}
	EndGlobalSection
EndGlobal
